{
  "requires": true,
  "lockfileVersion": 1,
  "dependencies": {
    "bootstrap": {
      "version": "4.2.1",
      "resolved": "https://registry.npmjs.org/bootstrap/-/bootstrap-4.2.1.tgz",
      "integrity": "sha512-tt/7vIv3Gm2mnd/WeDx36nfGGHleil0Wg8IeB7eMrVkY0fZ5iTaBisSh8oNANc2IBsCc6vCgCNTIM/IEN0+50Q=="
    },
    "bootstrap337": {
      "version": "3.3.7",
      "resolved": "https://registry.npmjs.org/bootstrap337/-/bootstrap337-3.3.7.tgz",
      "integrity": "sha512-ux4vnSkhFTtwlYsnwkfjKp7lrnBw2R56bE2+zuDKEwW/ZOvNtUxwowAPI/Tkkl9FHbYOrs0f1mhVuqz5fES3XA=="
    },
    "jquery": {
      "version": "3.3.1",
      "resolved": "https://registry.npmjs.org/jquery/-/jquery-3.3.1.tgz",
      "integrity": "sha1-lYzinoHJeQ8xvneS311NlfxX+8o="
    },
    "tether": {
      "version": "1.4.5",
      "resolved": "https://registry.npmjs.org/tether/-/tether-1.4.5.tgz",
      "integrity": "sha1-jv17NVcnZ7pQIlm6mxzBZ/z28sE="
    }
  }
}
